
Microsoft Visual Studio Solution File, Format Version 12.00
# Visual Studio Version 17
VisualStudioVersion = 17.4.33205.214
MinimumVisualStudioVersion = 10.0.40219.1
Project("{2150E333-8FDC-42A3-9474-1A3956D46DE8}") = "Services", "Services", "{9EE2A239-9779-42B9-A0E3-9C37BBA42AB2}"
EndProject
Project("{2150E333-8FDC-42A3-9474-1A3956D46DE8}") = "Order", "Order", "{C2024D2F-2F39-47E9-8D33-FC4DC447AE06}"
EndProject
Project("{2150E333-8FDC-42A3-9474-1A3956D46DE8}") = "Customer", "Customer", "{1025EEF5-CC75-436B-95BA-6786E5387DB8}"
EndProject
Project("{2150E333-8FDC-42A3-9474-1A3956D46DE8}") = "Identity", "Identity", "{25FBE12C-5B54-402C-A702-8C92BE2158E6}"
EndProject
Project("{2150E333-8FDC-42A3-9474-1A3956D46DE8}") = "Catalog", "Catalog", "{647454F7-3013-4C7C-875A-21658ACEFCD4}"
EndProject
Project("{2150E333-8FDC-42A3-9474-1A3956D46DE8}") = "Delivery", "Delivery", "{AD80A95F-3E44-4E81-AE72-0FC5F0BB29D0}"
EndProject
Project("{2150E333-8FDC-42A3-9474-1A3956D46DE8}") = "Account", "Account", "{1F2686D2-D8F5-41A9-8C9C-23BA59B7218E}"
EndProject
Project("{2150E333-8FDC-42A3-9474-1A3956D46DE8}") = "Seller", "Seller", "{D68A8EB3-3EBF-4E2C-87FD-0AD33EABE033}"
EndProject
Project("{2150E333-8FDC-42A3-9474-1A3956D46DE8}") = "Shop", "Shop", "{4E19C91D-E4AE-4DDE-88C5-AA320831112A}"
EndProject
Project("{2150E333-8FDC-42A3-9474-1A3956D46DE8}") = "Admin", "Admin", "{31B16C65-3040-44FA-B9B3-CCDB9BEF4D2E}"
EndProject
Project("{2150E333-8FDC-42A3-9474-1A3956D46DE8}") = "Notification", "Notification", "{94CF41C5-915D-483C-B244-9F2F3ADF17B5}"
EndProject
Project("{2150E333-8FDC-42A3-9474-1A3956D46DE8}") = "Payment", "Payment", "{05FAC4B9-580E-4B11-8C5E-003911D0A142}"
EndProject
Project("{2150E333-8FDC-42A3-9474-1A3956D46DE8}") = "Basket", "Basket", "{726F0FFA-783F-4620-B113-40729C74C68C}"
EndProject
Project("{9A19103F-16F7-4668-BE54-9A1E7A4F7556}") = "Customer.API", "Customer.API\Customer.API.csproj", "{81EF022C-7595-42D1-BB95-507C72EE98A3}"
EndProject
Project("{9A19103F-16F7-4668-BE54-9A1E7A4F7556}") = "Seller.API", "Seller.API\Seller.API.csproj", "{2796ABC1-6840-4E57-A88F-59EF60D2A864}"
EndProject
Project("{9A19103F-16F7-4668-BE54-9A1E7A4F7556}") = "Shop.API", "Shop.API\Shop.API.csproj", "{FB8D1DB7-5A8C-4126-84ED-13A4A9BC5E4B}"
EndProject
Project("{9A19103F-16F7-4668-BE54-9A1E7A4F7556}") = "Delivery.API", "Delivery.API\Delivery.API.csproj", "{983ECF63-7F76-4418-B3E6-27BE07125B4C}"
EndProject
Project("{2150E333-8FDC-42A3-9474-1A3956D46DE8}") = "Driver", "Driver", "{23FE4E84-BF62-4625-B04D-E79BC4C89173}"
EndProject
Project("{9A19103F-16F7-4668-BE54-9A1E7A4F7556}") = "Driver.API", "Driver.API\Driver.API.csproj", "{3901D187-D051-4C8E-9D17-7C405B001ACB}"
EndProject
Project("{9A19103F-16F7-4668-BE54-9A1E7A4F7556}") = "Order.API", "Order.API\Order.API.csproj", "{E57F84B8-F3BE-4A26-874D-2BA669700161}"
EndProject
Project("{2150E333-8FDC-42A3-9474-1A3956D46DE8}") = "Gateway", "Gateway", "{4BDB0535-C481-45E1-B722-ECB50424BC49}"
EndProject
Project("{9A19103F-16F7-4668-BE54-9A1E7A4F7556}") = "Customer.Infrastructure", "Customer.Infrastructure\Customer.Infrastructure.csproj", "{97E34017-43B7-4CCA-B19D-E624EC79C321}"
EndProject
Project("{9A19103F-16F7-4668-BE54-9A1E7A4F7556}") = "Customer.Domain", "Customer.Domain\Customer.Domain.csproj", "{6B71392E-F9F7-4A33-9F8F-3765F7EF9DC1}"
EndProject
Project("{9A19103F-16F7-4668-BE54-9A1E7A4F7556}") = "Customer.Application", "Customer.Application\Customer.Application.csproj", "{754E2D41-D001-4540-A4C8-B16546F81290}"
EndProject
Project("{FAE04EC0-301F-11D3-BF4B-00C04F79EFBC}") = "Identity.API", "Identity.API\Identity.API.csproj", "{E8BE0A46-0DBA-4A67-9C23-86217AEE64DD}"
EndProject
Project("{FAE04EC0-301F-11D3-BF4B-00C04F79EFBC}") = "Order.Application", "Order.Application\Order.Application.csproj", "{9F1E80B7-17CE-4351-8796-297F280D42A0}"
EndProject
Project("{FAE04EC0-301F-11D3-BF4B-00C04F79EFBC}") = "Order.Domain", "Order.Domain\Order.Domain.csproj", "{E36CE4C4-CE13-4D9E-A961-658F2CBCA261}"
EndProject
Project("{FAE04EC0-301F-11D3-BF4B-00C04F79EFBC}") = "Order.Infrastructure", "Order.Infrastructure\Order.Infrastructure.csproj", "{E24CF3F2-BB2F-4A09-B60A-F100A3E07D6E}"
EndProject
Global
	GlobalSection(SolutionConfigurationPlatforms) = preSolution
		Debug|Any CPU = Debug|Any CPU
		Release|Any CPU = Release|Any CPU
	EndGlobalSection
	GlobalSection(ProjectConfigurationPlatforms) = postSolution
		{81EF022C-7595-42D1-BB95-507C72EE98A3}.Debug|Any CPU.ActiveCfg = Debug|Any CPU
		{81EF022C-7595-42D1-BB95-507C72EE98A3}.Debug|Any CPU.Build.0 = Debug|Any CPU
		{81EF022C-7595-42D1-BB95-507C72EE98A3}.Release|Any CPU.ActiveCfg = Release|Any CPU
		{81EF022C-7595-42D1-BB95-507C72EE98A3}.Release|Any CPU.Build.0 = Release|Any CPU
		{2796ABC1-6840-4E57-A88F-59EF60D2A864}.Debug|Any CPU.ActiveCfg = Debug|Any CPU
		{2796ABC1-6840-4E57-A88F-59EF60D2A864}.Debug|Any CPU.Build.0 = Debug|Any CPU
		{2796ABC1-6840-4E57-A88F-59EF60D2A864}.Release|Any CPU.ActiveCfg = Release|Any CPU
		{2796ABC1-6840-4E57-A88F-59EF60D2A864}.Release|Any CPU.Build.0 = Release|Any CPU
		{FB8D1DB7-5A8C-4126-84ED-13A4A9BC5E4B}.Debug|Any CPU.ActiveCfg = Debug|Any CPU
		{FB8D1DB7-5A8C-4126-84ED-13A4A9BC5E4B}.Debug|Any CPU.Build.0 = Debug|Any CPU
		{FB8D1DB7-5A8C-4126-84ED-13A4A9BC5E4B}.Release|Any CPU.ActiveCfg = Release|Any CPU
		{FB8D1DB7-5A8C-4126-84ED-13A4A9BC5E4B}.Release|Any CPU.Build.0 = Release|Any CPU
		{983ECF63-7F76-4418-B3E6-27BE07125B4C}.Debug|Any CPU.ActiveCfg = Debug|Any CPU
		{983ECF63-7F76-4418-B3E6-27BE07125B4C}.Debug|Any CPU.Build.0 = Debug|Any CPU
		{983ECF63-7F76-4418-B3E6-27BE07125B4C}.Release|Any CPU.ActiveCfg = Release|Any CPU
		{983ECF63-7F76-4418-B3E6-27BE07125B4C}.Release|Any CPU.Build.0 = Release|Any CPU
		{3901D187-D051-4C8E-9D17-7C405B001ACB}.Debug|Any CPU.ActiveCfg = Debug|Any CPU
		{3901D187-D051-4C8E-9D17-7C405B001ACB}.Debug|Any CPU.Build.0 = Debug|Any CPU
		{3901D187-D051-4C8E-9D17-7C405B001ACB}.Release|Any CPU.ActiveCfg = Release|Any CPU
		{3901D187-D051-4C8E-9D17-7C405B001ACB}.Release|Any CPU.Build.0 = Release|Any CPU
		{E57F84B8-F3BE-4A26-874D-2BA669700161}.Debug|Any CPU.ActiveCfg = Debug|Any CPU
		{E57F84B8-F3BE-4A26-874D-2BA669700161}.Debug|Any CPU.Build.0 = Debug|Any CPU
		{E57F84B8-F3BE-4A26-874D-2BA669700161}.Release|Any CPU.ActiveCfg = Release|Any CPU
		{E57F84B8-F3BE-4A26-874D-2BA669700161}.Release|Any CPU.Build.0 = Release|Any CPU
		{97E34017-43B7-4CCA-B19D-E624EC79C321}.Debug|Any CPU.ActiveCfg = Debug|Any CPU
		{97E34017-43B7-4CCA-B19D-E624EC79C321}.Debug|Any CPU.Build.0 = Debug|Any CPU
		{97E34017-43B7-4CCA-B19D-E624EC79C321}.Release|Any CPU.ActiveCfg = Release|Any CPU
		{97E34017-43B7-4CCA-B19D-E624EC79C321}.Release|Any CPU.Build.0 = Release|Any CPU
		{6B71392E-F9F7-4A33-9F8F-3765F7EF9DC1}.Debug|Any CPU.ActiveCfg = Debug|Any CPU
		{6B71392E-F9F7-4A33-9F8F-3765F7EF9DC1}.Debug|Any CPU.Build.0 = Debug|Any CPU
		{6B71392E-F9F7-4A33-9F8F-3765F7EF9DC1}.Release|Any CPU.ActiveCfg = Release|Any CPU
		{6B71392E-F9F7-4A33-9F8F-3765F7EF9DC1}.Release|Any CPU.Build.0 = Release|Any CPU
		{754E2D41-D001-4540-A4C8-B16546F81290}.Debug|Any CPU.ActiveCfg = Debug|Any CPU
		{754E2D41-D001-4540-A4C8-B16546F81290}.Debug|Any CPU.Build.0 = Debug|Any CPU
		{754E2D41-D001-4540-A4C8-B16546F81290}.Release|Any CPU.ActiveCfg = Release|Any CPU
		{754E2D41-D001-4540-A4C8-B16546F81290}.Release|Any CPU.Build.0 = Release|Any CPU
		{E8BE0A46-0DBA-4A67-9C23-86217AEE64DD}.Debug|Any CPU.ActiveCfg = Debug|Any CPU
		{E8BE0A46-0DBA-4A67-9C23-86217AEE64DD}.Debug|Any CPU.Build.0 = Debug|Any CPU
		{E8BE0A46-0DBA-4A67-9C23-86217AEE64DD}.Release|Any CPU.ActiveCfg = Release|Any CPU
		{E8BE0A46-0DBA-4A67-9C23-86217AEE64DD}.Release|Any CPU.Build.0 = Release|Any CPU
		{9F1E80B7-17CE-4351-8796-297F280D42A0}.Debug|Any CPU.ActiveCfg = Debug|Any CPU
		{9F1E80B7-17CE-4351-8796-297F280D42A0}.Debug|Any CPU.Build.0 = Debug|Any CPU
		{9F1E80B7-17CE-4351-8796-297F280D42A0}.Release|Any CPU.ActiveCfg = Release|Any CPU
		{9F1E80B7-17CE-4351-8796-297F280D42A0}.Release|Any CPU.Build.0 = Release|Any CPU
		{E36CE4C4-CE13-4D9E-A961-658F2CBCA261}.Debug|Any CPU.ActiveCfg = Debug|Any CPU
		{E36CE4C4-CE13-4D9E-A961-658F2CBCA261}.Debug|Any CPU.Build.0 = Debug|Any CPU
		{E36CE4C4-CE13-4D9E-A961-658F2CBCA261}.Release|Any CPU.ActiveCfg = Release|Any CPU
		{E36CE4C4-CE13-4D9E-A961-658F2CBCA261}.Release|Any CPU.Build.0 = Release|Any CPU
		{E24CF3F2-BB2F-4A09-B60A-F100A3E07D6E}.Debug|Any CPU.ActiveCfg = Debug|Any CPU
		{E24CF3F2-BB2F-4A09-B60A-F100A3E07D6E}.Debug|Any CPU.Build.0 = Debug|Any CPU
		{E24CF3F2-BB2F-4A09-B60A-F100A3E07D6E}.Release|Any CPU.ActiveCfg = Release|Any CPU
		{E24CF3F2-BB2F-4A09-B60A-F100A3E07D6E}.Release|Any CPU.Build.0 = Release|Any CPU
	EndGlobalSection
	GlobalSection(SolutionProperties) = preSolution
		HideSolutionNode = FALSE
	EndGlobalSection
	GlobalSection(NestedProjects) = preSolution
		{C2024D2F-2F39-47E9-8D33-FC4DC447AE06} = {9EE2A239-9779-42B9-A0E3-9C37BBA42AB2}
		{1025EEF5-CC75-436B-95BA-6786E5387DB8} = {9EE2A239-9779-42B9-A0E3-9C37BBA42AB2}
		{25FBE12C-5B54-402C-A702-8C92BE2158E6} = {9EE2A239-9779-42B9-A0E3-9C37BBA42AB2}
		{647454F7-3013-4C7C-875A-21658ACEFCD4} = {9EE2A239-9779-42B9-A0E3-9C37BBA42AB2}
		{AD80A95F-3E44-4E81-AE72-0FC5F0BB29D0} = {9EE2A239-9779-42B9-A0E3-9C37BBA42AB2}
		{1F2686D2-D8F5-41A9-8C9C-23BA59B7218E} = {9EE2A239-9779-42B9-A0E3-9C37BBA42AB2}
		{D68A8EB3-3EBF-4E2C-87FD-0AD33EABE033} = {9EE2A239-9779-42B9-A0E3-9C37BBA42AB2}
		{4E19C91D-E4AE-4DDE-88C5-AA320831112A} = {9EE2A239-9779-42B9-A0E3-9C37BBA42AB2}
		{31B16C65-3040-44FA-B9B3-CCDB9BEF4D2E} = {9EE2A239-9779-42B9-A0E3-9C37BBA42AB2}
		{94CF41C5-915D-483C-B244-9F2F3ADF17B5} = {9EE2A239-9779-42B9-A0E3-9C37BBA42AB2}
		{05FAC4B9-580E-4B11-8C5E-003911D0A142} = {9EE2A239-9779-42B9-A0E3-9C37BBA42AB2}
		{726F0FFA-783F-4620-B113-40729C74C68C} = {9EE2A239-9779-42B9-A0E3-9C37BBA42AB2}
		{81EF022C-7595-42D1-BB95-507C72EE98A3} = {1025EEF5-CC75-436B-95BA-6786E5387DB8}
		{2796ABC1-6840-4E57-A88F-59EF60D2A864} = {D68A8EB3-3EBF-4E2C-87FD-0AD33EABE033}
		{FB8D1DB7-5A8C-4126-84ED-13A4A9BC5E4B} = {4E19C91D-E4AE-4DDE-88C5-AA320831112A}
		{983ECF63-7F76-4418-B3E6-27BE07125B4C} = {AD80A95F-3E44-4E81-AE72-0FC5F0BB29D0}
		{23FE4E84-BF62-4625-B04D-E79BC4C89173} = {9EE2A239-9779-42B9-A0E3-9C37BBA42AB2}
		{3901D187-D051-4C8E-9D17-7C405B001ACB} = {23FE4E84-BF62-4625-B04D-E79BC4C89173}
		{E57F84B8-F3BE-4A26-874D-2BA669700161} = {C2024D2F-2F39-47E9-8D33-FC4DC447AE06}
		{97E34017-43B7-4CCA-B19D-E624EC79C321} = {1025EEF5-CC75-436B-95BA-6786E5387DB8}
		{6B71392E-F9F7-4A33-9F8F-3765F7EF9DC1} = {1025EEF5-CC75-436B-95BA-6786E5387DB8}
		{754E2D41-D001-4540-A4C8-B16546F81290} = {1025EEF5-CC75-436B-95BA-6786E5387DB8}
		{E8BE0A46-0DBA-4A67-9C23-86217AEE64DD} = {25FBE12C-5B54-402C-A702-8C92BE2158E6}
		{9F1E80B7-17CE-4351-8796-297F280D42A0} = {C2024D2F-2F39-47E9-8D33-FC4DC447AE06}
		{E36CE4C4-CE13-4D9E-A961-658F2CBCA261} = {C2024D2F-2F39-47E9-8D33-FC4DC447AE06}
		{E24CF3F2-BB2F-4A09-B60A-F100A3E07D6E} = {C2024D2F-2F39-47E9-8D33-FC4DC447AE06}
	EndGlobalSection
	GlobalSection(ExtensibilityGlobals) = postSolution
		SolutionGuid = {25BA0F43-FCD6-4512-92E2-13D4F08A92E7}
	EndGlobalSection
EndGlobal
